
Microsoft Visual Studio Solution File, Format Version 12.00
# Visual Studio Version 16
VisualStudioVersion = 16.0.32228.343
MinimumVisualStudioVersion = 10.0.40219.1
Project("{FAE04EC0-301F-11D3-BF4B-00C04F79EFBC}") = "eInvite", "eInvite.csproj", "{E3B4A580-E4DE-46FA-B671-AED750D0162D}"
EndProject
Global
	GlobalSection(SolutionConfigurationPlatforms) = preSolution
		Debug|Any CPU = Debug|Any CPU
		Release|Any CPU = Release|Any CPU
	EndGlobalSection
	GlobalSection(ProjectConfigurationPlatforms) = postSolution
		{E3B4A580-E4DE-46FA-B671-AED750D0162D}.Debug|Any CPU.ActiveCfg = Debug|Any CPU
		{E3B4A580-E4DE-46FA-B671-AED750D0162D}.Debug|Any CPU.Build.0 = Debug|Any CPU
		{E3B4A580-E4DE-46FA-B671-AED750D0162D}.Release|Any CPU.ActiveCfg = Release|Any CPU
		{E3B4A580-E4DE-46FA-B671-AED750D0162D}.Release|Any CPU.Build.0 = Release|Any CPU
	EndGlobalSection
	GlobalSection(SolutionProperties) = preSolution
		HideSolutionNode = FALSE
	EndGlobalSection
	GlobalSection(ExtensibilityGlobals) = postSolution
		SolutionGuid = {80229FDE-D70B-4279-B64F-8FE163115F99}
	EndGlobalSection
EndGlobal
